<?xml version="1.0" encoding="utf-8"?>
<Project ToolsVersion="4.0" xmlns="http://schemas.microsoft.com/developer/msbuild/2003">
  <ItemGroup>
    <Filter Include="Source Files">
      <UniqueIdentifier>{4FC737F1-C7A5-4376-A066-2A32D752A2FF}</UniqueIdentifier>
      <Extensions>cpp;c;cc;cxx;def;odl;idl;hpj;bat;asm;asmx</Extensions>
    </Filter>
    <Filter Include="Header Files">
      <UniqueIdentifier>{93995380-89BD-4b04-88EB-625FBE52EBFB}</UniqueIdentifier>
      <Extensions>h;hpp;hxx;hm;inl;inc;xsd</Extensions>
    </Filter>
    <Filter Include="Shader">
      <UniqueIdentifier>{67DA6AB6-F800-4c08-8B7A-83BB121AAD01}</UniqueIdentifier>
      <Extensions>rc;ico;cur;bmp;dlg;rc2;rct;bin;rgs;gif;jpg;jpeg;jpe;resx;tiff;tif;png;wav;mfcribbon-ms</Extensions>
    </Filter>
    <Filter Include="Header Files\Camera">
      <UniqueIdentifier>{4ebeed68-a3fb-4bcb-b405-fea2a1194e54}</UniqueIdentifier>
    </Filter>
    <Filter Include="Header Files\Collision">
      <UniqueIdentifier>{9dd4374e-1f08-4bb6-b40a-5e3edfdd6843}</UniqueIdentifier>
    </Filter>
    <Filter Include="Header Files\Characters">
      <UniqueIdentifier>{a9d3b6b1-0ace-44f1-8748-85ceb4673ff8}</UniqueIdentifier>
    </Filter>
    <Filter Include="Header Files\Scene">
      <UniqueIdentifier>{9b09591b-fd39-433c-ae67-e1bbdf643418}</UniqueIdentifier>
    </Filter>
    <Filter Include="Header Files\UI">
      <UniqueIdentifier>{771e85d3-1472-4dd4-8bd0-c3156f145e5f}</UniqueIdentifier>
    </Filter>
    <Filter Include="Header Files\Collision\2Dcollision">
      <UniqueIdentifier>{aeb58a23-983a-4aa1-985a-b5e38c85b014}</UniqueIdentifier>
    </Filter>
    <Filter Include="Header Files\Collision\3Dcollision">
      <UniqueIdentifier>{37d0438e-7fb8-429d-af09-6315c19abd3e}</UniqueIdentifier>
    </Filter>
    <Filter Include="Source Files\Camera">
      <UniqueIdentifier>{5d8c7340-b0fb-4a09-a4d4-0e72d9c88812}</UniqueIdentifier>
    </Filter>
    <Filter Include="Source Files\Collision">
      <UniqueIdentifier>{c84f519a-6998-4543-a39d-32d5e0df4e40}</UniqueIdentifier>
    </Filter>
    <Filter Include="Source Files\Collision\2Dcollision">
      <UniqueIdentifier>{3025a1d8-fa3e-46eb-b9c1-2770c953712f}</UniqueIdentifier>
    </Filter>
    <Filter Include="Source Files\Collision\3Dcollision">
      <UniqueIdentifier>{46033c82-f006-4cd3-9b1f-80e4d6c9d79d}</UniqueIdentifier>
    </Filter>
    <Filter Include="Source Files\Characters">
      <UniqueIdentifier>{fb1d2398-3a83-479f-8d8f-9c915ecd0821}</UniqueIdentifier>
    </Filter>
    <Filter Include="Source Files\Scene">
      <UniqueIdentifier>{3a9c9cd6-a4c1-4326-93f6-3e3cfe732ef5}</UniqueIdentifier>
    </Filter>
    <Filter Include="Source Files\Scene\Init">
      <UniqueIdentifier>{7e34c5e0-34c9-4795-85e3-165a98487360}</UniqueIdentifier>
    </Filter>
    <Filter Include="Source Files\Scene\Update">
      <UniqueIdentifier>{36cba596-00fa-4162-bfac-b7f39b1edce3}</UniqueIdentifier>
    </Filter>
    <Filter Include="Source Files\Scene\Render">
      <UniqueIdentifier>{0f07809c-d4d5-4de2-9593-6c5726107889}</UniqueIdentifier>
    </Filter>
    <Filter Include="Source Files\UI">
      <UniqueIdentifier>{5bfe2f3b-8276-446d-8851-ca62b92dbb42}</UniqueIdentifier>
    </Filter>
    <Filter Include="Header Files\Misc">
      <UniqueIdentifier>{9b2c25c2-9e54-4e06-ab5e-69d1c6152c4d}</UniqueIdentifier>
    </Filter>
    <Filter Include="Source Files\Misc">
      <UniqueIdentifier>{91c5cae9-2736-449d-8f5e-cfdc2c5c9d88}</UniqueIdentifier>
    </Filter>
    <Filter Include="Header Files\Objects">
      <UniqueIdentifier>{4fa6fd38-735c-4550-8913-d4a26ab79fb9}</UniqueIdentifier>
    </Filter>
    <Filter Include="Source Files\Objects">
      <UniqueIdentifier>{5ca24f54-e9f5-4c32-a084-2c0a6e4a7efd}</UniqueIdentifier>
    </Filter>
    <Filter Include="Source Files\Objects\Weapon">
      <UniqueIdentifier>{7fb60f80-0409-4b50-be13-208378d8c2e6}</UniqueIdentifier>
    </Filter>
    <Filter Include="Header Files\Objects\Weapon">
      <UniqueIdentifier>{7acf79f6-5c97-4e28-9e97-4438ed38129a}</UniqueIdentifier>
    </Filter>
  </ItemGroup>
  <ItemGroup>
    <ClCompile Include="Source\Application.cpp">
      <Filter>Source Files</Filter>
    </ClCompile>
    <ClCompile Include="Source\Camera.cpp">
      <Filter>Source Files\Camera</Filter>
    </ClCompile>
    <ClCompile Include="Source\FPcamera.cpp">
      <Filter>Source Files\Camera</Filter>
    </ClCompile>
    <ClCompile Include="Source\Render_Functions.cpp">
      <Filter>Source Files\Scene\Render</Filter>
    </ClCompile>
    <ClCompile Include="Source\Init_Functions.cpp">
      <Filter>Source Files\Scene\Init</Filter>
    </ClCompile>
    <ClCompile Include="Source\Update_Functions.cpp">
      <Filter>Source Files\Scene\Update</Filter>
    </ClCompile>
    <ClCompile Include="Source\LoadOBJ.cpp">
      <Filter>Source Files\Misc</Filter>
    </ClCompile>
    <ClCompile Include="Source\Utility.cpp">
      <Filter>Source Files\Misc</Filter>
    </ClCompile>
    <ClCompile Include="Source\LoadTGA.cpp">
      <Filter>Source Files\Misc</Filter>
    </ClCompile>
    <ClCompile Include="Source\main.cpp">
      <Filter>Source Files\Misc</Filter>
    </ClCompile>
    <ClCompile Include="Source\Mesh.cpp">
      <Filter>Source Files\Misc</Filter>
    </ClCompile>
    <ClCompile Include="Source\MeshBuilder.cpp">
      <Filter>Source Files\Misc</Filter>
    </ClCompile>
    <ClCompile Include="Source\shader.cpp">
      <Filter>Source Files\Misc</Filter>
    </ClCompile>
    <ClCompile Include="Source\twoDhitbox.cpp">
      <Filter>Source Files\Collision\2Dcollision</Filter>
    </ClCompile>
    <ClCompile Include="Source\threeDhitbox.cpp">
      <Filter>Source Files\Collision\3Dcollision</Filter>
    </ClCompile>
    <ClCompile Include="Source\SceneBase.cpp">
      <Filter>Source Files\Scene</Filter>
    </ClCompile>
    <ClCompile Include="Source\GameObject.cpp">
      <Filter>Source Files\Objects</Filter>
    </ClCompile>
    <ClCompile Include="Source\Character.cpp">
      <Filter>Source Files\Characters</Filter>
    </ClCompile>
    <ClCompile Include="Source\Inventory.cpp">
      <Filter>Source Files\Characters</Filter>
    </ClCompile>
    <ClCompile Include="Source\Bullet.cpp">
      <Filter>Source Files\Objects\Weapon</Filter>
    </ClCompile>
    <ClCompile Include="Source\Weapon.cpp">
      <Filter>Source Files\Objects\Weapon</Filter>
    </ClCompile>
    <ClCompile Include="Source\twoDObject.cpp">
      <Filter>Source Files\Objects</Filter>
    </ClCompile>
    <ClCompile Include="Source\threeDObject.cpp">
      <Filter>Source Files\Objects</Filter>
    </ClCompile>
    <ClCompile Include="Source\LoadHmap.cpp">
      <Filter>Source Files\Misc</Filter>
    </ClCompile>
    <ClCompile Include="Source\MiniMap.cpp">
      <Filter>Source Files\Misc</Filter>
    </ClCompile>
  </ItemGroup>
  <ItemGroup>
    <ClInclude Include="Source\Application.h">
      <Filter>Header Files</Filter>
    </ClInclude>
    <ClInclude Include="Source\Camera.h">
      <Filter>Header Files\Camera</Filter>
    </ClInclude>
    <ClInclude Include="Source\FPcamera.h">
      <Filter>Header Files\Camera</Filter>
    </ClInclude>
    <ClInclude Include="Source\Scene.h">
      <Filter>Header Files\Scene</Filter>
    </ClInclude>
    <ClInclude Include="Source\Geometry.h">
      <Filter>Header Files\Misc</Filter>
    </ClInclude>
    <ClInclude Include="Source\Vertex.h">
      <Filter>Header Files\Misc</Filter>
    </ClInclude>
    <ClInclude Include="Source\Light.h">
      <Filter>Header Files\Misc</Filter>
    </ClInclude>
    <ClInclude Include="Source\LoadOBJ.h">
      <Filter>Header Files\Misc</Filter>
    </ClInclude>
    <ClInclude Include="Source\LoadTGA.h">
      <Filter>Header Files\Misc</Filter>
    </ClInclude>
    <ClInclude Include="Source\Material.h">
      <Filter>Header Files\Misc</Filter>
    </ClInclude>
    <ClInclude Include="Source\Mesh.h">
      <Filter>Header Files\Misc</Filter>
    </ClInclude>
    <ClInclude Include="Source\MeshBuilder.h">
      <Filter>Header Files\Misc</Filter>
    </ClInclude>
    <ClInclude Include="Source\shader.hpp">
      <Filter>Header Files\Misc</Filter>
    </ClInclude>
    <ClInclude Include="Source\Utility.h">
      <Filter>Header Files\Misc</Filter>
    </ClInclude>
    <ClInclude Include="Source\threeDhitbox.h">
      <Filter>Header Files\Collision\3Dcollision</Filter>
    </ClInclude>
    <ClInclude Include="Source\twoDhitbox.h">
      <Filter>Header Files\Collision\2Dcollision</Filter>
    </ClInclude>
    <ClInclude Include="Source\SceneBase.h">
      <Filter>Header Files\Scene</Filter>
    </ClInclude>
    <ClInclude Include="Source\GameObject.h">
      <Filter>Header Files\Objects</Filter>
    </ClInclude>
    <ClInclude Include="Source\Character.h">
      <Filter>Header Files\Characters</Filter>
    </ClInclude>
    <ClInclude Include="Source\Inventory.h">
      <Filter>Header Files\Characters</Filter>
    </ClInclude>
    <ClInclude Include="Source\Bullet.h">
      <Filter>Header Files\Objects\Weapon</Filter>
    </ClInclude>
    <ClInclude Include="Source\Weapon.h">
      <Filter>Header Files\Objects\Weapon</Filter>
    </ClInclude>
    <ClInclude Include="Source\twoDObject.h">
      <Filter>Header Files\Objects</Filter>
    </ClInclude>
    <ClInclude Include="Source\threeDObject.h">
      <Filter>Header Files\Objects</Filter>
    </ClInclude>
    <ClInclude Include="Source\LoadHmap.h">
      <Filter>Header Files\Misc</Filter>
    </ClInclude>
    <ClInclude Include="Source\MiniMap.h">
      <Filter>Header Files\Misc</Filter>
    </ClInclude>
  </ItemGroup>
</Project>