<?xml version="1.0" encoding="utf-8"?>
<Project ToolsVersion="4.0" xmlns="http://schemas.microsoft.com/developer/msbuild/2003">
  <ItemGroup>
    <Filter Include="Source Files">
      <UniqueIdentifier>{4FC737F1-C7A5-4376-A066-2A32D752A2FF}</UniqueIdentifier>
      <Extensions>cpp;c;cc;cxx;def;odl;idl;hpj;bat;asm;asmx</Extensions>
    </Filter>
    <Filter Include="Header Files">
      <UniqueIdentifier>{93995380-89BD-4b04-88EB-625FBE52EBFB}</UniqueIdentifier>
      <Extensions>h;hpp;hxx;hm;inl;inc;xsd</Extensions>
    </Filter>
    <Filter Include="Resource Files">
      <UniqueIdentifier>{67DA6AB6-F800-4c08-8B7A-83BB121AAD01}</UniqueIdentifier>
      <Extensions>rc;ico;cur;bmp;dlg;rc2;rct;bin;rgs;gif;jpg;jpeg;jpe;resx;tiff;tif;png;wav;mfcribbon-ms</Extensions>
    </Filter>
    <Filter Include="Header Files\Model">
      <UniqueIdentifier>{0f396074-6dd7-4350-88bf-d499633f2d94}</UniqueIdentifier>
    </Filter>
    <Filter Include="Header Files\Model\Models">
      <UniqueIdentifier>{c7a63d8b-2cae-4ff6-9ae6-fa90d9f81603}</UniqueIdentifier>
    </Filter>
    <Filter Include="Header Files\Controller">
      <UniqueIdentifier>{cea51901-e688-4c27-8726-6a926daa0610}</UniqueIdentifier>
    </Filter>
    <Filter Include="Header Files\View">
      <UniqueIdentifier>{911a0438-d9c7-41d3-8e60-7b8ec455f34d}</UniqueIdentifier>
    </Filter>
    <Filter Include="Source Files\Controller">
      <UniqueIdentifier>{9335e336-6685-4eb1-a953-3576aa28d42d}</UniqueIdentifier>
    </Filter>
    <Filter Include="Source Files\Model">
      <UniqueIdentifier>{52f5f7c1-9359-44c9-84f4-87d4c77f3a98}</UniqueIdentifier>
    </Filter>
    <Filter Include="Source Files\View">
      <UniqueIdentifier>{96c53338-7a41-411c-9797-d23c19c55a7f}</UniqueIdentifier>
    </Filter>
    <Filter Include="Header Files\Controller\Controllers">
      <UniqueIdentifier>{b69a8cbd-6aa5-4bbc-8979-0a3d6ce0e2d7}</UniqueIdentifier>
    </Filter>
    <Filter Include="Source Files\Controller\Controllers">
      <UniqueIdentifier>{3cad51f8-6140-400c-a3d4-8dfe21d37dfa}</UniqueIdentifier>
    </Filter>
  </ItemGroup>
  <ItemGroup>
    <ClCompile Include="Source\Application.cpp">
      <Filter>Source Files</Filter>
    </ClCompile>
    <ClCompile Include="Source\Controller.cpp">
      <Filter>Source Files\Controller</Filter>
    </ClCompile>
    <ClCompile Include="Source\Model.cpp">
      <Filter>Source Files\Model</Filter>
    </ClCompile>
    <ClCompile Include="Source\View.cpp">
      <Filter>Source Files\View</Filter>
    </ClCompile>
    <ClCompile Include="Source\Keyboard.cpp">
      <Filter>Source Files\Controller\Controllers</Filter>
    </ClCompile>
    <ClCompile Include="Source\Mouse.cpp">
      <Filter>Source Files\Controller\Controllers</Filter>
    </ClCompile>
  </ItemGroup>
  <ItemGroup>
    <ClInclude Include="Source\View.h">
      <Filter>Header Files\View</Filter>
    </ClInclude>
    <ClInclude Include="Source\Model.h">
      <Filter>Header Files\Model\Models</Filter>
    </ClInclude>
    <ClInclude Include="Source\Modelphy.h">
      <Filter>Header Files\Model\Models</Filter>
    </ClInclude>
    <ClInclude Include="Source\Modelcomg.h">
      <Filter>Header Files\Model\Models</Filter>
    </ClInclude>
    <ClInclude Include="Source\Modelgdev.h">
      <Filter>Header Files\Model\Models</Filter>
    </ClInclude>
    <ClInclude Include="Source\Mouse.h">
      <Filter>Header Files\Controller\Controllers</Filter>
    </ClInclude>
    <ClInclude Include="Source\Keyboard.h">
      <Filter>Header Files\Controller\Controllers</Filter>
    </ClInclude>
    <ClInclude Include="Source\Controller.h">
      <Filter>Header Files\Controller</Filter>
    </ClInclude>
  </ItemGroup>
</Project>